// !$*UTF8*$!
{
	archiveVersion = 1;
	classes = {
	};
	objectVersion = 50;
	objects = {

/* Begin PBXBuildFile section */
		C492B1A3287FC8A6006C1B04 /* StartExerciseViewController.swift in Sources */ = {isa = PBXBuildFile; fileRef = C492B1A2287FC8A5006C1B04 /* StartExerciseViewController.swift */; };
		C492B1A5287FE2A4006C1B04 /* ExercisesRouter.swift in Sources */ = {isa = PBXBuildFile; fileRef = C492B1A4287FE2A3006C1B04 /* ExercisesRouter.swift */; };
		C4CA1EE1287EC5DF00678AA8 /* WordEditViewController.swift in Sources */ = {isa = PBXBuildFile; fileRef = C4CA1EE0287EC5DF00678AA8 /* WordEditViewController.swift */; };
		C4ECDDB7287E7B5A003E8441 /* ExercisesViewController.swift in Sources */ = {isa = PBXBuildFile; fileRef = C4ECDDB6287E7B5A003E8441 /* ExercisesViewController.swift */; };
		C4ECDDB9287E7C0E003E8441 /* ExerciseCollectionViewCell.swift in Sources */ = {isa = PBXBuildFile; fileRef = C4ECDDB8287E7C0E003E8441 /* ExerciseCollectionViewCell.swift */; };
		F034461924D40D5200CF1006 /* TabBarController.swift in Sources */ = {isa = PBXBuildFile; fileRef = F034461824D40D5200CF1006 /* TabBarController.swift */; };
		F034461B24D5BD6700CF1006 /* WordDetailsViewController.swift in Sources */ = {isa = PBXBuildFile; fileRef = F034461A24D5BD6600CF1006 /* WordDetailsViewController.swift */; };
		F034461D24D998A300CF1006 /* DictionaryRouter.swift in Sources */ = {isa = PBXBuildFile; fileRef = F034461C24D998A300CF1006 /* DictionaryRouter.swift */; };
		F034461F24D9A3A400CF1006 /* DictionaryNavigationController.swift in Sources */ = {isa = PBXBuildFile; fileRef = F034461E24D9A3A400CF1006 /* DictionaryNavigationController.swift */; };
		F034462324DB39B200CF1006 /* DictionaryDataManager.swift in Sources */ = {isa = PBXBuildFile; fileRef = F034462224DB39B200CF1006 /* DictionaryDataManager.swift */; };
		F03879A824A9F9CC00938079 /* AppDelegate.swift in Sources */ = {isa = PBXBuildFile; fileRef = F03879A724A9F9CC00938079 /* AppDelegate.swift */; };
		F03879AA24A9F9CC00938079 /* SceneDelegate.swift in Sources */ = {isa = PBXBuildFile; fileRef = F03879A924A9F9CC00938079 /* SceneDelegate.swift */; };
		F03879B124A9F9D000938079 /* Assets.xcassets in Resources */ = {isa = PBXBuildFile; fileRef = F03879B024A9F9D000938079 /* Assets.xcassets */; };
		F03879B424A9F9D000938079 /* LaunchScreen.storyboard in Resources */ = {isa = PBXBuildFile; fileRef = F03879B224A9F9D000938079 /* LaunchScreen.storyboard */; };
		F03879BF24A9F9D100938079 /* VTB_iOS_projectTests.swift in Sources */ = {isa = PBXBuildFile; fileRef = F03879BE24A9F9D100938079 /* VTB_iOS_projectTests.swift */; };
		F03879CA24A9F9D100938079 /* VTB_iOS_projectUITests.swift in Sources */ = {isa = PBXBuildFile; fileRef = F03879C924A9F9D100938079 /* VTB_iOS_projectUITests.swift */; };
		F040993C24EAF9DD0060539D /* ExercisesNavigationController.swift in Sources */ = {isa = PBXBuildFile; fileRef = F040993B24EAF9DD0060539D /* ExercisesNavigationController.swift */; };
		F0BF106724D217C700AE61BB /* DictionaryTableViewController.swift in Sources */ = {isa = PBXBuildFile; fileRef = F0BF106624D217C700AE61BB /* DictionaryTableViewController.swift */; };
		F0BF106A24D217D300AE61BB /* WordModel.swift in Sources */ = {isa = PBXBuildFile; fileRef = F0BF106824D217D300AE61BB /* WordModel.swift */; };
		F0BF106B24D217D300AE61BB /* WordTableViewCell.swift in Sources */ = {isa = PBXBuildFile; fileRef = F0BF106924D217D300AE61BB /* WordTableViewCell.swift */; };
		F0BF107524D21AFC00AE61BB /* LibraryViewController.swift in Sources */ = {isa = PBXBuildFile; fileRef = F0BF107424D21AFC00AE61BB /* LibraryViewController.swift */; };
		F0BF107A24D21B3800AE61BB /* BookCollectionViewCell.swift in Sources */ = {isa = PBXBuildFile; fileRef = F0BF107824D21B3800AE61BB /* BookCollectionViewCell.swift */; };
		F0BF107B24D21B3800AE61BB /* BookModel.swift in Sources */ = {isa = PBXBuildFile; fileRef = F0BF107924D21B3800AE61BB /* BookModel.swift */; };
		F0F87C3724BCC72600FBDBE5 /* DataModel.xcdatamodeld in Sources */ = {isa = PBXBuildFile; fileRef = F0F87C3524BCC72600FBDBE5 /* DataModel.xcdatamodeld */; };
		F0F87C3924BE5DE400FBDBE5 /* TranslationAPIManager.swift in Sources */ = {isa = PBXBuildFile; fileRef = F0F87C3824BE5DE400FBDBE5 /* TranslationAPIManager.swift */; };
		F0F87C3B24BF2E3600FBDBE5 /* NetworkManager.swift in Sources */ = {isa = PBXBuildFile; fileRef = F0F87C3A24BF2E3600FBDBE5 /* NetworkManager.swift */; };
		F0F87C3D24BF31B900FBDBE5 /* TranslationResponse.swift in Sources */ = {isa = PBXBuildFile; fileRef = F0F87C3C24BF31B900FBDBE5 /* TranslationResponse.swift */; };
/* End PBXBuildFile section */

/* Begin PBXContainerItemProxy section */
		F03879BB24A9F9D100938079 /* PBXContainerItemProxy */ = {
			isa = PBXContainerItemProxy;
			containerPortal = F038799C24A9F9CC00938079 /* Project object */;
			proxyType = 1;
			remoteGlobalIDString = F03879A324A9F9CC00938079;
			remoteInfo = "VTB-iOS-project";
		};
		F03879C624A9F9D100938079 /* PBXContainerItemProxy */ = {
			isa = PBXContainerItemProxy;
			containerPortal = F038799C24A9F9CC00938079 /* Project object */;
			proxyType = 1;
			remoteGlobalIDString = F03879A324A9F9CC00938079;
			remoteInfo = "VTB-iOS-project";
		};
/* End PBXContainerItemProxy section */

/* Begin PBXFileReference section */
		C492B1A2287FC8A5006C1B04 /* StartExerciseViewController.swift */ = {isa = PBXFileReference; lastKnownFileType = sourcecode.swift; path = StartExerciseViewController.swift; sourceTree = "<group>"; };
		C492B1A4287FE2A3006C1B04 /* ExercisesRouter.swift */ = {isa = PBXFileReference; lastKnownFileType = sourcecode.swift; path = ExercisesRouter.swift; sourceTree = "<group>"; };
		C4CA1EE0287EC5DF00678AA8 /* WordEditViewController.swift */ = {isa = PBXFileReference; lastKnownFileType = sourcecode.swift; name = WordEditViewController.swift; path = Dictionary/WordEditViewController.swift; sourceTree = "<group>"; };
		C4ECDDB6287E7B5A003E8441 /* ExercisesViewController.swift */ = {isa = PBXFileReference; lastKnownFileType = sourcecode.swift; name = ExercisesViewController.swift; path = "VTB-iOS-project/Exercises/ExercisesViewController.swift"; sourceTree = SOURCE_ROOT; };
		C4ECDDB8287E7C0E003E8441 /* ExerciseCollectionViewCell.swift */ = {isa = PBXFileReference; lastKnownFileType = sourcecode.swift; path = ExerciseCollectionViewCell.swift; sourceTree = "<group>"; };
		F034461824D40D5200CF1006 /* TabBarController.swift */ = {isa = PBXFileReference; lastKnownFileType = sourcecode.swift; path = TabBarController.swift; sourceTree = "<group>"; };
		F034461A24D5BD6600CF1006 /* WordDetailsViewController.swift */ = {isa = PBXFileReference; lastKnownFileType = sourcecode.swift; path = WordDetailsViewController.swift; sourceTree = "<group>"; };
		F034461C24D998A300CF1006 /* DictionaryRouter.swift */ = {isa = PBXFileReference; lastKnownFileType = sourcecode.swift; path = DictionaryRouter.swift; sourceTree = "<group>"; };
		F034461E24D9A3A400CF1006 /* DictionaryNavigationController.swift */ = {isa = PBXFileReference; lastKnownFileType = sourcecode.swift; path = DictionaryNavigationController.swift; sourceTree = "<group>"; };
		F034462224DB39B200CF1006 /* DictionaryDataManager.swift */ = {isa = PBXFileReference; lastKnownFileType = sourcecode.swift; name = DictionaryDataManager.swift; path = Dictionary/DictionaryDataManager.swift; sourceTree = "<group>"; };
		F03879A424A9F9CC00938079 /* VTB-iOS-project.app */ = {isa = PBXFileReference; explicitFileType = wrapper.application; includeInIndex = 0; path = "VTB-iOS-project.app"; sourceTree = BUILT_PRODUCTS_DIR; };
		F03879A724A9F9CC00938079 /* AppDelegate.swift */ = {isa = PBXFileReference; lastKnownFileType = sourcecode.swift; path = AppDelegate.swift; sourceTree = "<group>"; };
		F03879A924A9F9CC00938079 /* SceneDelegate.swift */ = {isa = PBXFileReference; lastKnownFileType = sourcecode.swift; path = SceneDelegate.swift; sourceTree = "<group>"; };
		F03879B024A9F9D000938079 /* Assets.xcassets */ = {isa = PBXFileReference; lastKnownFileType = folder.assetcatalog; path = Assets.xcassets; sourceTree = "<group>"; };
		F03879B324A9F9D000938079 /* Base */ = {isa = PBXFileReference; lastKnownFileType = file.storyboard; name = Base; path = Base.lproj/LaunchScreen.storyboard; sourceTree = "<group>"; };
		F03879B524A9F9D000938079 /* Info.plist */ = {isa = PBXFileReference; lastKnownFileType = text.plist.xml; path = Info.plist; sourceTree = "<group>"; };
		F03879BA24A9F9D100938079 /* VTB-iOS-projectTests.xctest */ = {isa = PBXFileReference; explicitFileType = wrapper.cfbundle; includeInIndex = 0; path = "VTB-iOS-projectTests.xctest"; sourceTree = BUILT_PRODUCTS_DIR; };
		F03879BE24A9F9D100938079 /* VTB_iOS_projectTests.swift */ = {isa = PBXFileReference; lastKnownFileType = sourcecode.swift; path = VTB_iOS_projectTests.swift; sourceTree = "<group>"; };
		F03879C024A9F9D100938079 /* Info.plist */ = {isa = PBXFileReference; lastKnownFileType = text.plist.xml; path = Info.plist; sourceTree = "<group>"; };
		F03879C524A9F9D100938079 /* VTB-iOS-projectUITests.xctest */ = {isa = PBXFileReference; explicitFileType = wrapper.cfbundle; includeInIndex = 0; path = "VTB-iOS-projectUITests.xctest"; sourceTree = BUILT_PRODUCTS_DIR; };
		F03879C924A9F9D100938079 /* VTB_iOS_projectUITests.swift */ = {isa = PBXFileReference; lastKnownFileType = sourcecode.swift; path = VTB_iOS_projectUITests.swift; sourceTree = "<group>"; };
		F03879CB24A9F9D100938079 /* Info.plist */ = {isa = PBXFileReference; lastKnownFileType = text.plist.xml; path = Info.plist; sourceTree = "<group>"; };
		F040993B24EAF9DD0060539D /* ExercisesNavigationController.swift */ = {isa = PBXFileReference; lastKnownFileType = sourcecode.swift; path = ExercisesNavigationController.swift; sourceTree = "<group>"; };
		F0BF106624D217C700AE61BB /* DictionaryTableViewController.swift */ = {isa = PBXFileReference; fileEncoding = 4; lastKnownFileType = sourcecode.swift; name = DictionaryTableViewController.swift; path = Dictionary/DictionaryTableViewController.swift; sourceTree = "<group>"; };
		F0BF106824D217D300AE61BB /* WordModel.swift */ = {isa = PBXFileReference; fileEncoding = 4; lastKnownFileType = sourcecode.swift; name = WordModel.swift; path = Dictionary/WordCell/WordModel.swift; sourceTree = "<group>"; };
		F0BF106924D217D300AE61BB /* WordTableViewCell.swift */ = {isa = PBXFileReference; fileEncoding = 4; lastKnownFileType = sourcecode.swift; name = WordTableViewCell.swift; path = Dictionary/WordCell/WordTableViewCell.swift; sourceTree = "<group>"; };
		F0BF107424D21AFC00AE61BB /* LibraryViewController.swift */ = {isa = PBXFileReference; fileEncoding = 4; lastKnownFileType = sourcecode.swift; name = LibraryViewController.swift; path = Library/LibraryViewController.swift; sourceTree = "<group>"; };
		F0BF107824D21B3800AE61BB /* BookCollectionViewCell.swift */ = {isa = PBXFileReference; fileEncoding = 4; lastKnownFileType = sourcecode.swift; name = BookCollectionViewCell.swift; path = Library/CollectionCell/BookCollectionViewCell.swift; sourceTree = "<group>"; };
		F0BF107924D21B3800AE61BB /* BookModel.swift */ = {isa = PBXFileReference; fileEncoding = 4; lastKnownFileType = sourcecode.swift; name = BookModel.swift; path = Library/CollectionCell/BookModel.swift; sourceTree = "<group>"; };
		F0F87C3624BCC72600FBDBE5 /* DataModel.xcdatamodel */ = {isa = PBXFileReference; lastKnownFileType = wrapper.xcdatamodel; path = DataModel.xcdatamodel; sourceTree = "<group>"; };
		F0F87C3824BE5DE400FBDBE5 /* TranslationAPIManager.swift */ = {isa = PBXFileReference; lastKnownFileType = sourcecode.swift; path = TranslationAPIManager.swift; sourceTree = "<group>"; };
		F0F87C3A24BF2E3600FBDBE5 /* NetworkManager.swift */ = {isa = PBXFileReference; fileEncoding = 4; lastKnownFileType = sourcecode.swift; path = NetworkManager.swift; sourceTree = "<group>"; };
		F0F87C3C24BF31B900FBDBE5 /* TranslationResponse.swift */ = {isa = PBXFileReference; lastKnownFileType = sourcecode.swift; path = TranslationResponse.swift; sourceTree = "<group>"; };
/* End PBXFileReference section */

/* Begin PBXFrameworksBuildPhase section */
		F03879A124A9F9CC00938079 /* Frameworks */ = {
			isa = PBXFrameworksBuildPhase;
			buildActionMask = 2147483647;
			files = (
			);
			runOnlyForDeploymentPostprocessing = 0;
		};
		F03879B724A9F9D100938079 /* Frameworks */ = {
			isa = PBXFrameworksBuildPhase;
			buildActionMask = 2147483647;
			files = (
			);
			runOnlyForDeploymentPostprocessing = 0;
		};
		F03879C224A9F9D100938079 /* Frameworks */ = {
			isa = PBXFrameworksBuildPhase;
			buildActionMask = 2147483647;
			files = (
			);
			runOnlyForDeploymentPostprocessing = 0;
		};
/* End PBXFrameworksBuildPhase section */

/* Begin PBXGroup section */
		F038799B24A9F9CC00938079 = {
			isa = PBXGroup;
			children = (
				F03879A624A9F9CC00938079 /* VTB-iOS-project */,
				F03879BD24A9F9D100938079 /* VTB-iOS-projectTests */,
				F03879C824A9F9D100938079 /* VTB-iOS-projectUITests */,
				F03879A524A9F9CC00938079 /* Products */,
			);
			sourceTree = "<group>";
		};
		F03879A524A9F9CC00938079 /* Products */ = {
			isa = PBXGroup;
			children = (
				F03879A424A9F9CC00938079 /* VTB-iOS-project.app */,
				F03879BA24A9F9D100938079 /* VTB-iOS-projectTests.xctest */,
				F03879C524A9F9D100938079 /* VTB-iOS-projectUITests.xctest */,
			);
			name = Products;
			sourceTree = "<group>";
		};
		F03879A624A9F9CC00938079 /* VTB-iOS-project */ = {
			isa = PBXGroup;
			children = (
				F040993A24EAF93C0060539D /* Exercises */,
				F0F87C3E24BF34AC00FBDBE5 /* Translation */,
				F0BF106524D2176E00AE61BB /* Dictionary */,
				F0BF107324D21AEC00AE61BB /* Library */,
				F034461824D40D5200CF1006 /* TabBarController.swift */,
				F0F87C3A24BF2E3600FBDBE5 /* NetworkManager.swift */,
				F03879A724A9F9CC00938079 /* AppDelegate.swift */,
				F03879A924A9F9CC00938079 /* SceneDelegate.swift */,
				F03879B024A9F9D000938079 /* Assets.xcassets */,
				F03879B224A9F9D000938079 /* LaunchScreen.storyboard */,
				F03879B524A9F9D000938079 /* Info.plist */,
				F0F87C3524BCC72600FBDBE5 /* DataModel.xcdatamodeld */,
			);
			path = "VTB-iOS-project";
			sourceTree = "<group>";
		};
		F03879BD24A9F9D100938079 /* VTB-iOS-projectTests */ = {
			isa = PBXGroup;
			children = (
				F03879BE24A9F9D100938079 /* VTB_iOS_projectTests.swift */,
				F03879C024A9F9D100938079 /* Info.plist */,
			);
			path = "VTB-iOS-projectTests";
			sourceTree = "<group>";
		};
		F03879C824A9F9D100938079 /* VTB-iOS-projectUITests */ = {
			isa = PBXGroup;
			children = (
				F03879C924A9F9D100938079 /* VTB_iOS_projectUITests.swift */,
				F03879CB24A9F9D100938079 /* Info.plist */,
			);
			path = "VTB-iOS-projectUITests";
			sourceTree = "<group>";
		};
		F040993A24EAF93C0060539D /* Exercises */ = {
			isa = PBXGroup;
			children = (
				C4ECDDB8287E7C0E003E8441 /* ExerciseCollectionViewCell.swift */,
				F040993B24EAF9DD0060539D /* ExercisesNavigationController.swift */,
				C4ECDDB6287E7B5A003E8441 /* ExercisesViewController.swift */,
				C492B1A2287FC8A5006C1B04 /* StartExerciseViewController.swift */,
				C492B1A4287FE2A3006C1B04 /* ExercisesRouter.swift */,
			);
			path = Exercises;
			sourceTree = "<group>";
		};
		F0BF106424D2174600AE61BB /* Word */ = {
			isa = PBXGroup;
			children = (
				F034461A24D5BD6600CF1006 /* WordDetailsViewController.swift */,
				F0BF106824D217D300AE61BB /* WordModel.swift */,
				F0BF106924D217D300AE61BB /* WordTableViewCell.swift */,
				C4CA1EE0287EC5DF00678AA8 /* WordEditViewController.swift */,
			);
			name = Word;
			sourceTree = "<group>";
		};
		F0BF106524D2176E00AE61BB /* Dictionary */ = {
			isa = PBXGroup;
			children = (
				F0BF106424D2174600AE61BB /* Word */,
				F034461E24D9A3A400CF1006 /* DictionaryNavigationController.swift */,
				F0BF106624D217C700AE61BB /* DictionaryTableViewController.swift */,
				F034461C24D998A300CF1006 /* DictionaryRouter.swift */,
				F034462224DB39B200CF1006 /* DictionaryDataManager.swift */,
			);
			name = Dictionary;
			sourceTree = "<group>";
		};
		F0BF107324D21AEC00AE61BB /* Library */ = {
			isa = PBXGroup;
			children = (
				F0BF107724D21B2600AE61BB /* Book */,
				F0BF107424D21AFC00AE61BB /* LibraryViewController.swift */,
			);
			name = Library;
			sourceTree = "<group>";
		};
		F0BF107724D21B2600AE61BB /* Book */ = {
			isa = PBXGroup;
			children = (
				F0BF107824D21B3800AE61BB /* BookCollectionViewCell.swift */,
				F0BF107924D21B3800AE61BB /* BookModel.swift */,
			);
			name = Book;
			sourceTree = "<group>";
		};
		F0F87C3E24BF34AC00FBDBE5 /* Translation */ = {
			isa = PBXGroup;
			children = (
				F0F87C3C24BF31B900FBDBE5 /* TranslationResponse.swift */,
				F0F87C3824BE5DE400FBDBE5 /* TranslationAPIManager.swift */,
			);
			path = Translation;
			sourceTree = "<group>";
		};
/* End PBXGroup section */

/* Begin PBXNativeTarget section */
		F03879A324A9F9CC00938079 /* VTB-iOS-project */ = {
			isa = PBXNativeTarget;
			buildConfigurationList = F03879CE24A9F9D100938079 /* Build configuration list for PBXNativeTarget "VTB-iOS-project" */;
			buildPhases = (
				F03879A024A9F9CC00938079 /* Sources */,
				F03879A124A9F9CC00938079 /* Frameworks */,
				F03879A224A9F9CC00938079 /* Resources */,
			);
			buildRules = (
			);
			dependencies = (
			);
			name = "VTB-iOS-project";
			productName = "VTB-iOS-project";
			productReference = F03879A424A9F9CC00938079 /* VTB-iOS-project.app */;
			productType = "com.apple.product-type.application";
		};
		F03879B924A9F9D100938079 /* VTB-iOS-projectTests */ = {
			isa = PBXNativeTarget;
			buildConfigurationList = F03879D124A9F9D100938079 /* Build configuration list for PBXNativeTarget "VTB-iOS-projectTests" */;
			buildPhases = (
				F03879B624A9F9D100938079 /* Sources */,
				F03879B724A9F9D100938079 /* Frameworks */,
				F03879B824A9F9D100938079 /* Resources */,
			);
			buildRules = (
			);
			dependencies = (
				F03879BC24A9F9D100938079 /* PBXTargetDependency */,
			);
			name = "VTB-iOS-projectTests";
			productName = "VTB-iOS-projectTests";
			productReference = F03879BA24A9F9D100938079 /* VTB-iOS-projectTests.xctest */;
			productType = "com.apple.product-type.bundle.unit-test";
		};
		F03879C424A9F9D100938079 /* VTB-iOS-projectUITests */ = {
			isa = PBXNativeTarget;
			buildConfigurationList = F03879D424A9F9D100938079 /* Build configuration list for PBXNativeTarget "VTB-iOS-projectUITests" */;
			buildPhases = (
				F03879C124A9F9D100938079 /* Sources */,
				F03879C224A9F9D100938079 /* Frameworks */,
				F03879C324A9F9D100938079 /* Resources */,
			);
			buildRules = (
			);
			dependencies = (
				F03879C724A9F9D100938079 /* PBXTargetDependency */,
			);
			name = "VTB-iOS-projectUITests";
			productName = "VTB-iOS-projectUITests";
			productReference = F03879C524A9F9D100938079 /* VTB-iOS-projectUITests.xctest */;
			productType = "com.apple.product-type.bundle.ui-testing";
		};
/* End PBXNativeTarget section */

/* Begin PBXProject section */
		F038799C24A9F9CC00938079 /* Project object */ = {
			isa = PBXProject;
			attributes = {
				LastSwiftUpdateCheck = 1150;
				LastUpgradeCheck = 1150;
				ORGANIZATIONNAME = "Екатерина Вишневская - ВТБ";
				TargetAttributes = {
					F03879A324A9F9CC00938079 = {
						CreatedOnToolsVersion = 11.5;
					};
					F03879B924A9F9D100938079 = {
						CreatedOnToolsVersion = 11.5;
						TestTargetID = F03879A324A9F9CC00938079;
					};
					F03879C424A9F9D100938079 = {
						CreatedOnToolsVersion = 11.5;
						TestTargetID = F03879A324A9F9CC00938079;
					};
				};
			};
			buildConfigurationList = F038799F24A9F9CC00938079 /* Build configuration list for PBXProject "VTB-iOS-project" */;
			compatibilityVersion = "Xcode 9.3";
			developmentRegion = en;
			hasScannedForEncodings = 0;
			knownRegions = (
				en,
				Base,
			);
			mainGroup = F038799B24A9F9CC00938079;
			productRefGroup = F03879A524A9F9CC00938079 /* Products */;
			projectDirPath = "";
			projectRoot = "";
			targets = (
				F03879A324A9F9CC00938079 /* VTB-iOS-project */,
				F03879B924A9F9D100938079 /* VTB-iOS-projectTests */,
				F03879C424A9F9D100938079 /* VTB-iOS-projectUITests */,
			);
		};
/* End PBXProject section */

/* Begin PBXResourcesBuildPhase section */
		F03879A224A9F9CC00938079 /* Resources */ = {
			isa = PBXResourcesBuildPhase;
			buildActionMask = 2147483647;
			files = (
				F03879B424A9F9D000938079 /* LaunchScreen.storyboard in Resources */,
				F03879B124A9F9D000938079 /* Assets.xcassets in Resources */,
			);
			runOnlyForDeploymentPostprocessing = 0;
		};
		F03879B824A9F9D100938079 /* Resources */ = {
			isa = PBXResourcesBuildPhase;
			buildActionMask = 2147483647;
			files = (
			);
			runOnlyForDeploymentPostprocessing = 0;
		};
		F03879C324A9F9D100938079 /* Resources */ = {
			isa = PBXResourcesBuildPhase;
			buildActionMask = 2147483647;
			files = (
			);
			runOnlyForDeploymentPostprocessing = 0;
		};
/* End PBXResourcesBuildPhase section */

/* Begin PBXSourcesBuildPhase section */
		F03879A024A9F9CC00938079 /* Sources */ = {
			isa = PBXSourcesBuildPhase;
			buildActionMask = 2147483647;
			files = (
				F034461D24D998A300CF1006 /* DictionaryRouter.swift in Sources */,
				C492B1A3287FC8A6006C1B04 /* StartExerciseViewController.swift in Sources */,
				F0BF106A24D217D300AE61BB /* WordModel.swift in Sources */,
				C492B1A5287FE2A4006C1B04 /* ExercisesRouter.swift in Sources */,
				F0BF106B24D217D300AE61BB /* WordTableViewCell.swift in Sources */,
				F034461B24D5BD6700CF1006 /* WordDetailsViewController.swift in Sources */,
				F0BF106724D217C700AE61BB /* DictionaryTableViewController.swift in Sources */,
				F0F87C3D24BF31B900FBDBE5 /* TranslationResponse.swift in Sources */,
				F0BF107A24D21B3800AE61BB /* BookCollectionViewCell.swift in Sources */,
				F03879A824A9F9CC00938079 /* AppDelegate.swift in Sources */,
				F0BF107B24D21B3800AE61BB /* BookModel.swift in Sources */,
				F0F87C3724BCC72600FBDBE5 /* DataModel.xcdatamodeld in Sources */,
				F0F87C3B24BF2E3600FBDBE5 /* NetworkManager.swift in Sources */,
				F0BF107524D21AFC00AE61BB /* LibraryViewController.swift in Sources */,
				C4ECDDB7287E7B5A003E8441 /* ExercisesViewController.swift in Sources */,
				F034461924D40D5200CF1006 /* TabBarController.swift in Sources */,
				F0F87C3924BE5DE400FBDBE5 /* TranslationAPIManager.swift in Sources */,
				F034462324DB39B200CF1006 /* DictionaryDataManager.swift in Sources */,
				C4ECDDB9287E7C0E003E8441 /* ExerciseCollectionViewCell.swift in Sources */,
				F040993C24EAF9DD0060539D /* ExercisesNavigationController.swift in Sources */,
				C4CA1EE1287EC5DF00678AA8 /* WordEditViewController.swift in Sources */,
				F034461F24D9A3A400CF1006 /* DictionaryNavigationController.swift in Sources */,
				F03879AA24A9F9CC00938079 /* SceneDelegate.swift in Sources */,
			);
			runOnlyForDeploymentPostprocessing = 0;
		};
		F03879B624A9F9D100938079 /* Sources */ = {
			isa = PBXSourcesBuildPhase;
			buildActionMask = 2147483647;
			files = (
				F03879BF24A9F9D100938079 /* VTB_iOS_projectTests.swift in Sources */,
			);
			runOnlyForDeploymentPostprocessing = 0;
		};
		F03879C124A9F9D100938079 /* Sources */ = {
			isa = PBXSourcesBuildPhase;
			buildActionMask = 2147483647;
			files = (
				F03879CA24A9F9D100938079 /* VTB_iOS_projectUITests.swift in Sources */,
			);
			runOnlyForDeploymentPostprocessing = 0;
		};
/* End PBXSourcesBuildPhase section */

/* Begin PBXTargetDependency section */
		F03879BC24A9F9D100938079 /* PBXTargetDependency */ = {
			isa = PBXTargetDependency;
			target = F03879A324A9F9CC00938079 /* VTB-iOS-project */;
			targetProxy = F03879BB24A9F9D100938079 /* PBXContainerItemProxy */;
		};
		F03879C724A9F9D100938079 /* PBXTargetDependency */ = {
			isa = PBXTargetDependency;
			target = F03879A324A9F9CC00938079 /* VTB-iOS-project */;
			targetProxy = F03879C624A9F9D100938079 /* PBXContainerItemProxy */;
		};
/* End PBXTargetDependency section */

/* Begin PBXVariantGroup section */
		F03879B224A9F9D000938079 /* LaunchScreen.storyboard */ = {
			isa = PBXVariantGroup;
			children = (
				F03879B324A9F9D000938079 /* Base */,
			);
			name = LaunchScreen.storyboard;
			sourceTree = "<group>";
		};
/* End PBXVariantGroup section */

/* Begin XCBuildConfiguration section */
		F03879CC24A9F9D100938079 /* Debug */ = {
			isa = XCBuildConfiguration;
			buildSettings = {
				ALWAYS_SEARCH_USER_PATHS = NO;
				CLANG_ANALYZER_NONNULL = YES;
				CLANG_ANALYZER_NUMBER_OBJECT_CONVERSION = YES_AGGRESSIVE;
				CLANG_CXX_LANGUAGE_STANDARD = "gnu++14";
				CLANG_CXX_LIBRARY = "libc++";
				CLANG_ENABLE_MODULES = YES;
				CLANG_ENABLE_OBJC_ARC = YES;
				CLANG_ENABLE_OBJC_WEAK = YES;
				CLANG_WARN_BLOCK_CAPTURE_AUTORELEASING = YES;
				CLANG_WARN_BOOL_CONVERSION = YES;
				CLANG_WARN_COMMA = YES;
				CLANG_WARN_CONSTANT_CONVERSION = YES;
				CLANG_WARN_DEPRECATED_OBJC_IMPLEMENTATIONS = YES;
				CLANG_WARN_DIRECT_OBJC_ISA_USAGE = YES_ERROR;
				CLANG_WARN_DOCUMENTATION_COMMENTS = YES;
				CLANG_WARN_EMPTY_BODY = YES;
				CLANG_WARN_ENUM_CONVERSION = YES;
				CLANG_WARN_INFINITE_RECURSION = YES;
				CLANG_WARN_INT_CONVERSION = YES;
				CLANG_WARN_NON_LITERAL_NULL_CONVERSION = YES;
				CLANG_WARN_OBJC_IMPLICIT_RETAIN_SELF = YES;
				CLANG_WARN_OBJC_LITERAL_CONVERSION = YES;
				CLANG_WARN_OBJC_ROOT_CLASS = YES_ERROR;
				CLANG_WARN_RANGE_LOOP_ANALYSIS = YES;
				CLANG_WARN_STRICT_PROTOTYPES = YES;
				CLANG_WARN_SUSPICIOUS_MOVE = YES;
				CLANG_WARN_UNGUARDED_AVAILABILITY = YES_AGGRESSIVE;
				CLANG_WARN_UNREACHABLE_CODE = YES;
				CLANG_WARN__DUPLICATE_METHOD_MATCH = YES;
				COPY_PHASE_STRIP = NO;
				DEBUG_INFORMATION_FORMAT = dwarf;
				ENABLE_STRICT_OBJC_MSGSEND = YES;
				ENABLE_TESTABILITY = YES;
				GCC_C_LANGUAGE_STANDARD = gnu11;
				GCC_DYNAMIC_NO_PIC = NO;
				GCC_NO_COMMON_BLOCKS = YES;
				GCC_OPTIMIZATION_LEVEL = 0;
				GCC_PREPROCESSOR_DEFINITIONS = (
					"DEBUG=1",
					"$(inherited)",
				);
				GCC_WARN_64_TO_32_BIT_CONVERSION = YES;
				GCC_WARN_ABOUT_RETURN_TYPE = YES_ERROR;
				GCC_WARN_UNDECLARED_SELECTOR = YES;
				GCC_WARN_UNINITIALIZED_AUTOS = YES_AGGRESSIVE;
				GCC_WARN_UNUSED_FUNCTION = YES;
				GCC_WARN_UNUSED_VARIABLE = YES;
				IPHONEOS_DEPLOYMENT_TARGET = 10.0;
				MTL_ENABLE_DEBUG_INFO = INCLUDE_SOURCE;
				MTL_FAST_MATH = YES;
				ONLY_ACTIVE_ARCH = YES;
				SDKROOT = iphoneos;
				SWIFT_ACTIVE_COMPILATION_CONDITIONS = DEBUG;
				SWIFT_OPTIMIZATION_LEVEL = "-Onone";
			};
			name = Debug;
		};
		F03879CD24A9F9D100938079 /* Release */ = {
			isa = XCBuildConfiguration;
			buildSettings = {
				ALWAYS_SEARCH_USER_PATHS = NO;
				CLANG_ANALYZER_NONNULL = YES;
				CLANG_ANALYZER_NUMBER_OBJECT_CONVERSION = YES_AGGRESSIVE;
				CLANG_CXX_LANGUAGE_STANDARD = "gnu++14";
				CLANG_CXX_LIBRARY = "libc++";
				CLANG_ENABLE_MODULES = YES;
				CLANG_ENABLE_OBJC_ARC = YES;
				CLANG_ENABLE_OBJC_WEAK = YES;
				CLANG_WARN_BLOCK_CAPTURE_AUTORELEASING = YES;
				CLANG_WARN_BOOL_CONVERSION = YES;
				CLANG_WARN_COMMA = YES;
				CLANG_WARN_CONSTANT_CONVERSION = YES;
				CLANG_WARN_DEPRECATED_OBJC_IMPLEMENTATIONS = YES;
				CLANG_WARN_DIRECT_OBJC_ISA_USAGE = YES_ERROR;
				CLANG_WARN_DOCUMENTATION_COMMENTS = YES;
				CLANG_WARN_EMPTY_BODY = YES;
				CLANG_WARN_ENUM_CONVERSION = YES;
				CLANG_WARN_INFINITE_RECURSION = YES;
				CLANG_WARN_INT_CONVERSION = YES;
				CLANG_WARN_NON_LITERAL_NULL_CONVERSION = YES;
				CLANG_WARN_OBJC_IMPLICIT_RETAIN_SELF = YES;
				CLANG_WARN_OBJC_LITERAL_CONVERSION = YES;
				CLANG_WARN_OBJC_ROOT_CLASS = YES_ERROR;
				CLANG_WARN_RANGE_LOOP_ANALYSIS = YES;
				CLANG_WARN_STRICT_PROTOTYPES = YES;
				CLANG_WARN_SUSPICIOUS_MOVE = YES;
				CLANG_WARN_UNGUARDED_AVAILABILITY = YES_AGGRESSIVE;
				CLANG_WARN_UNREACHABLE_CODE = YES;
				CLANG_WARN__DUPLICATE_METHOD_MATCH = YES;
				COPY_PHASE_STRIP = NO;
				DEBUG_INFORMATION_FORMAT = "dwarf-with-dsym";
				ENABLE_NS_ASSERTIONS = NO;
				ENABLE_STRICT_OBJC_MSGSEND = YES;
				GCC_C_LANGUAGE_STANDARD = gnu11;
				GCC_NO_COMMON_BLOCKS = YES;
				GCC_WARN_64_TO_32_BIT_CONVERSION = YES;
				GCC_WARN_ABOUT_RETURN_TYPE = YES_ERROR;
				GCC_WARN_UNDECLARED_SELECTOR = YES;
				GCC_WARN_UNINITIALIZED_AUTOS = YES_AGGRESSIVE;
				GCC_WARN_UNUSED_FUNCTION = YES;
				GCC_WARN_UNUSED_VARIABLE = YES;
				IPHONEOS_DEPLOYMENT_TARGET = 10.0;
				MTL_ENABLE_DEBUG_INFO = NO;
				MTL_FAST_MATH = YES;
				SDKROOT = iphoneos;
				SWIFT_COMPILATION_MODE = wholemodule;
				SWIFT_OPTIMIZATION_LEVEL = "-O";
				VALIDATE_PRODUCT = YES;
			};
			name = Release;
		};
		F03879CF24A9F9D100938079 /* Debug */ = {
			isa = XCBuildConfiguration;
			buildSettings = {
				ASSETCATALOG_COMPILER_APPICON_NAME = AppIcon;
				CODE_SIGN_STYLE = Automatic;
				INFOPLIST_FILE = "VTB-iOS-project/Info.plist";
				LD_RUNPATH_SEARCH_PATHS = (
					"$(inherited)",
					"@executable_path/Frameworks",
				);
				PRODUCT_BUNDLE_IDENTIFIER = "VTB-iOS.VTB-iOS-project";
				PRODUCT_NAME = "$(TARGET_NAME)";
				SWIFT_VERSION = 5.0;
				TARGETED_DEVICE_FAMILY = "1,2";
			};
			name = Debug;
		};
		F03879D024A9F9D100938079 /* Release */ = {
			isa = XCBuildConfiguration;
			buildSettings = {
				ASSETCATALOG_COMPILER_APPICON_NAME = AppIcon;
				CODE_SIGN_STYLE = Automatic;
				INFOPLIST_FILE = "VTB-iOS-project/Info.plist";
				LD_RUNPATH_SEARCH_PATHS = (
					"$(inherited)",
					"@executable_path/Frameworks",
				);
				PRODUCT_BUNDLE_IDENTIFIER = "VTB-iOS.VTB-iOS-project";
				PRODUCT_NAME = "$(TARGET_NAME)";
				SWIFT_VERSION = 5.0;
				TARGETED_DEVICE_FAMILY = "1,2";
			};
			name = Release;
		};
		F03879D224A9F9D100938079 /* Debug */ = {
			isa = XCBuildConfiguration;
			buildSettings = {
				ALWAYS_EMBED_SWIFT_STANDARD_LIBRARIES = YES;
				BUNDLE_LOADER = "$(TEST_HOST)";
				CODE_SIGN_STYLE = Automatic;
				INFOPLIST_FILE = "VTB-iOS-projectTests/Info.plist";
				IPHONEOS_DEPLOYMENT_TARGET = 13.5;
				LD_RUNPATH_SEARCH_PATHS = (
					"$(inherited)",
					"@executable_path/Frameworks",
					"@loader_path/Frameworks",
				);
				PRODUCT_BUNDLE_IDENTIFIER = "VTB-iOS.VTB-iOS-projectTests";
				PRODUCT_NAME = "$(TARGET_NAME)";
				SWIFT_VERSION = 5.0;
				TARGETED_DEVICE_FAMILY = "1,2";
				TEST_HOST = "$(BUILT_PRODUCTS_DIR)/VTB-iOS-project.app/VTB-iOS-project";
			};
			name = Debug;
		};
		F03879D324A9F9D100938079 /* Release */ = {
			isa = XCBuildConfiguration;
			buildSettings = {
				ALWAYS_EMBED_SWIFT_STANDARD_LIBRARIES = YES;
				BUNDLE_LOADER = "$(TEST_HOST)";
				CODE_SIGN_STYLE = Automatic;
				INFOPLIST_FILE = "VTB-iOS-projectTests/Info.plist";
				IPHONEOS_DEPLOYMENT_TARGET = 13.5;
				LD_RUNPATH_SEARCH_PATHS = (
					"$(inherited)",
					"@executable_path/Frameworks",
					"@loader_path/Frameworks",
				);
				PRODUCT_BUNDLE_IDENTIFIER = "VTB-iOS.VTB-iOS-projectTests";
				PRODUCT_NAME = "$(TARGET_NAME)";
				SWIFT_VERSION = 5.0;
				TARGETED_DEVICE_FAMILY = "1,2";
				TEST_HOST = "$(BUILT_PRODUCTS_DIR)/VTB-iOS-project.app/VTB-iOS-project";
			};
			name = Release;
		};
		F03879D524A9F9D100938079 /* Debug */ = {
			isa = XCBuildConfiguration;
			buildSettings = {
				ALWAYS_EMBED_SWIFT_STANDARD_LIBRARIES = YES;
				CODE_SIGN_STYLE = Automatic;
				INFOPLIST_FILE = "VTB-iOS-projectUITests/Info.plist";
				LD_RUNPATH_SEARCH_PATHS = (
					"$(inherited)",
					"@executable_path/Frameworks",
					"@loader_path/Frameworks",
				);
				PRODUCT_BUNDLE_IDENTIFIER = "VTB-iOS.VTB-iOS-projectUITests";
				PRODUCT_NAME = "$(TARGET_NAME)";
				SWIFT_VERSION = 5.0;
				TARGETED_DEVICE_FAMILY = "1,2";
				TEST_TARGET_NAME = "VTB-iOS-project";
			};
			name = Debug;
		};
		F03879D624A9F9D100938079 /* Release */ = {
			isa = XCBuildConfiguration;
			buildSettings = {
				ALWAYS_EMBED_SWIFT_STANDARD_LIBRARIES = YES;
				CODE_SIGN_STYLE = Automatic;
				INFOPLIST_FILE = "VTB-iOS-projectUITests/Info.plist";
				LD_RUNPATH_SEARCH_PATHS = (
					"$(inherited)",
					"@executable_path/Frameworks",
					"@loader_path/Frameworks",
				);
				PRODUCT_BUNDLE_IDENTIFIER = "VTB-iOS.VTB-iOS-projectUITests";
				PRODUCT_NAME = "$(TARGET_NAME)";
				SWIFT_VERSION = 5.0;
				TARGETED_DEVICE_FAMILY = "1,2";
				TEST_TARGET_NAME = "VTB-iOS-project";
			};
			name = Release;
		};
/* End XCBuildConfiguration section */

/* Begin XCConfigurationList section */
		F038799F24A9F9CC00938079 /* Build configuration list for PBXProject "VTB-iOS-project" */ = {
			isa = XCConfigurationList;
			buildConfigurations = (
				F03879CC24A9F9D100938079 /* Debug */,
				F03879CD24A9F9D100938079 /* Release */,
			);
			defaultConfigurationIsVisible = 0;
			defaultConfigurationName = Release;
		};
		F03879CE24A9F9D100938079 /* Build configuration list for PBXNativeTarget "VTB-iOS-project" */ = {
			isa = XCConfigurationList;
			buildConfigurations = (
				F03879CF24A9F9D100938079 /* Debug */,
				F03879D024A9F9D100938079 /* Release */,
			);
			defaultConfigurationIsVisible = 0;
			defaultConfigurationName = Release;
		};
		F03879D124A9F9D100938079 /* Build configuration list for PBXNativeTarget "VTB-iOS-projectTests" */ = {
			isa = XCConfigurationList;
			buildConfigurations = (
				F03879D224A9F9D100938079 /* Debug */,
				F03879D324A9F9D100938079 /* Release */,
			);
			defaultConfigurationIsVisible = 0;
			defaultConfigurationName = Release;
		};
		F03879D424A9F9D100938079 /* Build configuration list for PBXNativeTarget "VTB-iOS-projectUITests" */ = {
			isa = XCConfigurationList;
			buildConfigurations = (
				F03879D524A9F9D100938079 /* Debug */,
				F03879D624A9F9D100938079 /* Release */,
			);
			defaultConfigurationIsVisible = 0;
			defaultConfigurationName = Release;
		};
/* End XCConfigurationList section */

/* Begin XCVersionGroup section */
		F0F87C3524BCC72600FBDBE5 /* DataModel.xcdatamodeld */ = {
			isa = XCVersionGroup;
			children = (
				F0F87C3624BCC72600FBDBE5 /* DataModel.xcdatamodel */,
			);
			currentVersion = F0F87C3624BCC72600FBDBE5 /* DataModel.xcdatamodel */;
			path = DataModel.xcdatamodeld;
			sourceTree = "<group>";
			versionGroupType = wrapper.xcdatamodel;
		};
/* End XCVersionGroup section */
	};
	rootObject = F038799C24A9F9CC00938079 /* Project object */;
}
